
Microsoft Visual Studio Solution File, Format Version 12.00
# Visual Studio Version 16
VisualStudioVersion = 16.0.32228.343
MinimumVisualStudioVersion = 10.0.40219.1
Project("{FAE04EC0-301F-11D3-BF4B-00C04F79EFBC}") = "Electricbill", "Electricbill\Electricbill.csproj", "{250DF772-4D0B-4086-9736-3A735728F84D}"
EndProject
Global
	GlobalSection(SolutionConfigurationPlatforms) = preSolution
		Debug|Any CPU = Debug|Any CPU
		Release|Any CPU = Release|Any CPU
	EndGlobalSection
	GlobalSection(ProjectConfigurationPlatforms) = postSolution
		{250DF772-4D0B-4086-9736-3A735728F84D}.Debug|Any CPU.ActiveCfg = Debug|Any CPU
		{250DF772-4D0B-4086-9736-3A735728F84D}.Debug|Any CPU.Build.0 = Debug|Any CPU
		{250DF772-4D0B-4086-9736-3A735728F84D}.Release|Any CPU.ActiveCfg = Release|Any CPU
		{250DF772-4D0B-4086-9736-3A735728F84D}.Release|Any CPU.Build.0 = Release|Any CPU
	EndGlobalSection
	GlobalSection(SolutionProperties) = preSolution
		HideSolutionNode = FALSE
	EndGlobalSection
	GlobalSection(ExtensibilityGlobals) = postSolution
		SolutionGuid = {849BC945-A951-426A-B42F-75DC6DC46F75}
	EndGlobalSection
EndGlobal
